
Microsoft Visual Studio Solution File, Format Version 12.00
# Visual Studio Version 17
VisualStudioVersion = 17.0.31903.59
MinimumVisualStudioVersion = 10.0.40219.1
Project("{FAE04EC0-301F-11D3-BF4B-00C04F79EFBC}") = "BookShop.Web", "BookShop.Web\BookShop.Web.csproj", "{96914D29-A212-4EFA-9CF3-2D58AA933D48}"
EndProject
Project("{FAE04EC0-301F-11D3-BF4B-00C04F79EFBC}") = "BookShop.Core", "BookShop.Core\BookShop.Core.csproj", "{A09E1879-197E-4E61-8126-8978363BC37C}"
EndProject
Project("{FAE04EC0-301F-11D3-BF4B-00C04F79EFBC}") = "BookShop.Application", "BookShop.Application\BookShop.Application.csproj", "{988C1D6D-2460-43E5-9890-1E7FDFA2AAE6}"
EndProject
Project("{FAE04EC0-301F-11D3-BF4B-00C04F79EFBC}") = "BookShop.Infrastructure", "BookShop.Infrastructure\BookShop.Infrastructure.csproj", "{89CF8F80-B474-4163-B561-D09DB41065B5}"
EndProject
Global
	GlobalSection(SolutionConfigurationPlatforms) = preSolution
		Debug|Any CPU = Debug|Any CPU
		Debug|x64 = Debug|x64
		Debug|x86 = Debug|x86
		Release|Any CPU = Release|Any CPU
		Release|x64 = Release|x64
		Release|x86 = Release|x86
	EndGlobalSection
	GlobalSection(ProjectConfigurationPlatforms) = postSolution
		{96914D29-A212-4EFA-9CF3-2D58AA933D48}.Debug|Any CPU.ActiveCfg = Debug|Any CPU
		{96914D29-A212-4EFA-9CF3-2D58AA933D48}.Debug|Any CPU.Build.0 = Debug|Any CPU
		{96914D29-A212-4EFA-9CF3-2D58AA933D48}.Debug|x64.ActiveCfg = Debug|Any CPU
		{96914D29-A212-4EFA-9CF3-2D58AA933D48}.Debug|x64.Build.0 = Debug|Any CPU
		{96914D29-A212-4EFA-9CF3-2D58AA933D48}.Debug|x86.ActiveCfg = Debug|Any CPU
		{96914D29-A212-4EFA-9CF3-2D58AA933D48}.Debug|x86.Build.0 = Debug|Any CPU
		{96914D29-A212-4EFA-9CF3-2D58AA933D48}.Release|Any CPU.ActiveCfg = Release|Any CPU
		{96914D29-A212-4EFA-9CF3-2D58AA933D48}.Release|Any CPU.Build.0 = Release|Any CPU
		{96914D29-A212-4EFA-9CF3-2D58AA933D48}.Release|x64.ActiveCfg = Release|Any CPU
		{96914D29-A212-4EFA-9CF3-2D58AA933D48}.Release|x64.Build.0 = Release|Any CPU
		{96914D29-A212-4EFA-9CF3-2D58AA933D48}.Release|x86.ActiveCfg = Release|Any CPU
		{96914D29-A212-4EFA-9CF3-2D58AA933D48}.Release|x86.Build.0 = Release|Any CPU
		{A09E1879-197E-4E61-8126-8978363BC37C}.Debug|Any CPU.ActiveCfg = Debug|Any CPU
		{A09E1879-197E-4E61-8126-8978363BC37C}.Debug|Any CPU.Build.0 = Debug|Any CPU
		{A09E1879-197E-4E61-8126-8978363BC37C}.Debug|x64.ActiveCfg = Debug|Any CPU
		{A09E1879-197E-4E61-8126-8978363BC37C}.Debug|x64.Build.0 = Debug|Any CPU
		{A09E1879-197E-4E61-8126-8978363BC37C}.Debug|x86.ActiveCfg = Debug|Any CPU
		{A09E1879-197E-4E61-8126-8978363BC37C}.Debug|x86.Build.0 = Debug|Any CPU
		{A09E1879-197E-4E61-8126-8978363BC37C}.Release|Any CPU.ActiveCfg = Release|Any CPU
		{A09E1879-197E-4E61-8126-8978363BC37C}.Release|Any CPU.Build.0 = Release|Any CPU
		{A09E1879-197E-4E61-8126-8978363BC37C}.Release|x64.ActiveCfg = Release|Any CPU
		{A09E1879-197E-4E61-8126-8978363BC37C}.Release|x64.Build.0 = Release|Any CPU
		{A09E1879-197E-4E61-8126-8978363BC37C}.Release|x86.ActiveCfg = Release|Any CPU
		{A09E1879-197E-4E61-8126-8978363BC37C}.Release|x86.Build.0 = Release|Any CPU
		{988C1D6D-2460-43E5-9890-1E7FDFA2AAE6}.Debug|Any CPU.ActiveCfg = Debug|Any CPU
		{988C1D6D-2460-43E5-9890-1E7FDFA2AAE6}.Debug|Any CPU.Build.0 = Debug|Any CPU
		{988C1D6D-2460-43E5-9890-1E7FDFA2AAE6}.Debug|x64.ActiveCfg = Debug|Any CPU
		{988C1D6D-2460-43E5-9890-1E7FDFA2AAE6}.Debug|x64.Build.0 = Debug|Any CPU
		{988C1D6D-2460-43E5-9890-1E7FDFA2AAE6}.Debug|x86.ActiveCfg = Debug|Any CPU
		{988C1D6D-2460-43E5-9890-1E7FDFA2AAE6}.Debug|x86.Build.0 = Debug|Any CPU
		{988C1D6D-2460-43E5-9890-1E7FDFA2AAE6}.Release|Any CPU.ActiveCfg = Release|Any CPU
		{988C1D6D-2460-43E5-9890-1E7FDFA2AAE6}.Release|Any CPU.Build.0 = Release|Any CPU
		{988C1D6D-2460-43E5-9890-1E7FDFA2AAE6}.Release|x64.ActiveCfg = Release|Any CPU
		{988C1D6D-2460-43E5-9890-1E7FDFA2AAE6}.Release|x64.Build.0 = Release|Any CPU
		{988C1D6D-2460-43E5-9890-1E7FDFA2AAE6}.Release|x86.ActiveCfg = Release|Any CPU
		{988C1D6D-2460-43E5-9890-1E7FDFA2AAE6}.Release|x86.Build.0 = Release|Any CPU
		{89CF8F80-B474-4163-B561-D09DB41065B5}.Debug|Any CPU.ActiveCfg = Debug|Any CPU
		{89CF8F80-B474-4163-B561-D09DB41065B5}.Debug|Any CPU.Build.0 = Debug|Any CPU
		{89CF8F80-B474-4163-B561-D09DB41065B5}.Debug|x64.ActiveCfg = Debug|Any CPU
		{89CF8F80-B474-4163-B561-D09DB41065B5}.Debug|x64.Build.0 = Debug|Any CPU
		{89CF8F80-B474-4163-B561-D09DB41065B5}.Debug|x86.ActiveCfg = Debug|Any CPU
		{89CF8F80-B474-4163-B561-D09DB41065B5}.Debug|x86.Build.0 = Debug|Any CPU
		{89CF8F80-B474-4163-B561-D09DB41065B5}.Release|Any CPU.ActiveCfg = Release|Any CPU
		{89CF8F80-B474-4163-B561-D09DB41065B5}.Release|Any CPU.Build.0 = Release|Any CPU
		{89CF8F80-B474-4163-B561-D09DB41065B5}.Release|x64.ActiveCfg = Release|Any CPU
		{89CF8F80-B474-4163-B561-D09DB41065B5}.Release|x64.Build.0 = Release|Any CPU
		{89CF8F80-B474-4163-B561-D09DB41065B5}.Release|x86.ActiveCfg = Release|Any CPU
		{89CF8F80-B474-4163-B561-D09DB41065B5}.Release|x86.Build.0 = Release|Any CPU
	EndGlobalSection
	GlobalSection(SolutionProperties) = preSolution
		HideSolutionNode = FALSE
	EndGlobalSection
EndGlobal
